
Microsoft Visual Studio Solution File, Format Version 12.00
# Visual Studio 15
VisualStudioVersion = 15.0.27703.2047
MinimumVisualStudioVersion = 10.0.40219.1
Project("{FAE04EC0-301F-11D3-BF4B-00C04F79EFBC}") = "aula-19-orientacao-a-objetos-permissoes-e-agrupam", "aula-19-orientacao-a-objetos-permissoes-e-agrupam\aula-19-orientacao-a-objetos-permissoes-e-agrupam.csproj", "{6A61721E-51B3-4739-B201-7BC35C7FA05F}"
EndProject
Global
	GlobalSection(SolutionConfigurationPlatforms) = preSolution
		Debug|Any CPU = Debug|Any CPU
		Release|Any CPU = Release|Any CPU
	EndGlobalSection
	GlobalSection(ProjectConfigurationPlatforms) = postSolution
		{6A61721E-51B3-4739-B201-7BC35C7FA05F}.Debug|Any CPU.ActiveCfg = Debug|Any CPU
		{6A61721E-51B3-4739-B201-7BC35C7FA05F}.Debug|Any CPU.Build.0 = Debug|Any CPU
		{6A61721E-51B3-4739-B201-7BC35C7FA05F}.Release|Any CPU.ActiveCfg = Release|Any CPU
		{6A61721E-51B3-4739-B201-7BC35C7FA05F}.Release|Any CPU.Build.0 = Release|Any CPU
	EndGlobalSection
	GlobalSection(SolutionProperties) = preSolution
		HideSolutionNode = FALSE
	EndGlobalSection
	GlobalSection(ExtensibilityGlobals) = postSolution
		SolutionGuid = {C02C5479-0DCD-4019-B761-E92F37217585}
	EndGlobalSection
EndGlobal
